
Microsoft Visual Studio Solution File, Format Version 12.00
# Visual Studio Version 17
VisualStudioVersion = 17.3.32825.248
MinimumVisualStudioVersion = 10.0.40219.1
Project("{8BC9CEB8-8B4A-11D0-8D11-00A0C91BC942}") = "FREEDOM", "FREEDOM\FREEDOM.vcxproj", "{7974D9EA-8D14-47B4-8CDF-9DC86FE0915B}"
EndProject
Global
	GlobalSection(SolutionConfigurationPlatforms) = preSolution
		Debug|x64 = Debug|x64
		Debug|x86 = Debug|x86
		Release|x64 = Release|x64
		Release|x86 = Release|x86
	EndGlobalSection
	GlobalSection(ProjectConfigurationPlatforms) = postSolution
		{7974D9EA-8D14-47B4-8CDF-9DC86FE0915B}.Debug|x64.ActiveCfg = Debug|x64
		{7974D9EA-8D14-47B4-8CDF-9DC86FE0915B}.Debug|x64.Build.0 = Debug|x64
		{7974D9EA-8D14-47B4-8CDF-9DC86FE0915B}.Debug|x86.ActiveCfg = Debug|Win32
		{7974D9EA-8D14-47B4-8CDF-9DC86FE0915B}.Debug|x86.Build.0 = Debug|Win32
		{7974D9EA-8D14-47B4-8CDF-9DC86FE0915B}.Release|x64.ActiveCfg = Release|x64
		{7974D9EA-8D14-47B4-8CDF-9DC86FE0915B}.Release|x64.Build.0 = Release|x64
		{7974D9EA-8D14-47B4-8CDF-9DC86FE0915B}.Release|x86.ActiveCfg = Release|Win32
		{7974D9EA-8D14-47B4-8CDF-9DC86FE0915B}.Release|x86.Build.0 = Release|Win32
	EndGlobalSection
	GlobalSection(SolutionProperties) = preSolution
		HideSolutionNode = FALSE
	EndGlobalSection
	GlobalSection(ExtensibilityGlobals) = postSolution
		SolutionGuid = {14E57AD0-487F-4202-B0CF-1419A5309A32}
	EndGlobalSection
EndGlobal
